
Microsoft Visual Studio Solution File, Format Version 12.00
# Visual Studio Version 17
VisualStudioVersion = 17.5.33516.290
MinimumVisualStudioVersion = 10.0.40219.1
Project("{FAE04EC0-301F-11D3-BF4B-00C04F79EFBC}") = "NetlandAPI", "NetlandAPI.csproj", "{1D79193B-EF17-466B-A02D-629FE1EDDE1B}"
EndProject
Global
	GlobalSection(SolutionConfigurationPlatforms) = preSolution
		Debug|Any CPU = Debug|Any CPU
		Release|Any CPU = Release|Any CPU
	EndGlobalSection
	GlobalSection(ProjectConfigurationPlatforms) = postSolution
		{1D79193B-EF17-466B-A02D-629FE1EDDE1B}.Debug|Any CPU.ActiveCfg = Debug|Any CPU
		{1D79193B-EF17-466B-A02D-629FE1EDDE1B}.Debug|Any CPU.Build.0 = Debug|Any CPU
		{1D79193B-EF17-466B-A02D-629FE1EDDE1B}.Release|Any CPU.ActiveCfg = Release|Any CPU
		{1D79193B-EF17-466B-A02D-629FE1EDDE1B}.Release|Any CPU.Build.0 = Release|Any CPU
	EndGlobalSection
	GlobalSection(SolutionProperties) = preSolution
		HideSolutionNode = FALSE
	EndGlobalSection
	GlobalSection(ExtensibilityGlobals) = postSolution
		SolutionGuid = {5E3E295B-1698-4F2D-8D65-70042260D98C}
	EndGlobalSection
EndGlobal
